
Microsoft Visual Studio Solution File, Format Version 12.00
# Visual Studio Version 17
VisualStudioVersion = 17.14.37203.1
MinimumVisualStudioVersion = 10.0.40219.1
Project("{FAE04EC0-301F-11D3-BF4B-00C04F79EFBC}") = "Desktop", "Desktop\Desktop.csproj", "{77A69013-D64C-4069-94FA-6FED2F454581}"
EndProject
Project("{2150E333-8FDC-42A3-9474-1A3956D46DE8}") = "Elementos de la solución", "Elementos de la solución", "{D107F4C8-89CC-BEA8-D3D7-CA6B7733353D}"
	ProjectSection(SolutionItems) = preProject
		.github\copilot-instructions.md = .github\copilot-instructions.md
	EndProjectSection
EndProject
Project("{FAE04EC0-301F-11D3-BF4B-00C04F79EFBC}") = "WebApp", "WebApp\WebApp\WebApp.csproj", "{7E4DC040-283E-4792-B762-D3D615CBC220}"
EndProject
Project("{FAE04EC0-301F-11D3-BF4B-00C04F79EFBC}") = "WebApp.Client", "WebApp\WebApp.Client\WebApp.Client.csproj", "{5119789D-F50E-41DA-87E6-04B3DF7D38D5}"
EndProject
Project("{FAE04EC0-301F-11D3-BF4B-00C04F79EFBC}") = "AppMovil", "AppMovil\AppMovil.csproj", "{E04C573C-136C-4C33-97DB-ACAE6A47B4BC}"
EndProject
Project("{FAE04EC0-301F-11D3-BF4B-00C04F79EFBC}") = "Consola", "Consola\Consola.csproj", "{B5FE5A83-F2AF-4E31-B5EB-F80B2BB55CEB}"
EndProject
Global
	GlobalSection(SolutionConfigurationPlatforms) = preSolution
		Debug|Any CPU = Debug|Any CPU
		Release|Any CPU = Release|Any CPU
	EndGlobalSection
	GlobalSection(ProjectConfigurationPlatforms) = postSolution
		{77A69013-D64C-4069-94FA-6FED2F454581}.Debug|Any CPU.ActiveCfg = Debug|Any CPU
		{77A69013-D64C-4069-94FA-6FED2F454581}.Debug|Any CPU.Build.0 = Debug|Any CPU
		{77A69013-D64C-4069-94FA-6FED2F454581}.Release|Any CPU.ActiveCfg = Release|Any CPU
		{77A69013-D64C-4069-94FA-6FED2F454581}.Release|Any CPU.Build.0 = Release|Any CPU
		{7E4DC040-283E-4792-B762-D3D615CBC220}.Debug|Any CPU.ActiveCfg = Debug|Any CPU
		{7E4DC040-283E-4792-B762-D3D615CBC220}.Debug|Any CPU.Build.0 = Debug|Any CPU
		{7E4DC040-283E-4792-B762-D3D615CBC220}.Release|Any CPU.ActiveCfg = Release|Any CPU
		{7E4DC040-283E-4792-B762-D3D615CBC220}.Release|Any CPU.Build.0 = Release|Any CPU
		{5119789D-F50E-41DA-87E6-04B3DF7D38D5}.Debug|Any CPU.ActiveCfg = Debug|Any CPU
		{5119789D-F50E-41DA-87E6-04B3DF7D38D5}.Debug|Any CPU.Build.0 = Debug|Any CPU
		{5119789D-F50E-41DA-87E6-04B3DF7D38D5}.Release|Any CPU.ActiveCfg = Release|Any CPU
		{5119789D-F50E-41DA-87E6-04B3DF7D38D5}.Release|Any CPU.Build.0 = Release|Any CPU
		{E04C573C-136C-4C33-97DB-ACAE6A47B4BC}.Debug|Any CPU.ActiveCfg = Debug|Any CPU
		{E04C573C-136C-4C33-97DB-ACAE6A47B4BC}.Debug|Any CPU.Build.0 = Debug|Any CPU
		{E04C573C-136C-4C33-97DB-ACAE6A47B4BC}.Debug|Any CPU.Deploy.0 = Debug|Any CPU
		{E04C573C-136C-4C33-97DB-ACAE6A47B4BC}.Release|Any CPU.ActiveCfg = Release|Any CPU
		{E04C573C-136C-4C33-97DB-ACAE6A47B4BC}.Release|Any CPU.Build.0 = Release|Any CPU
		{E04C573C-136C-4C33-97DB-ACAE6A47B4BC}.Release|Any CPU.Deploy.0 = Release|Any CPU
		{B5FE5A83-F2AF-4E31-B5EB-F80B2BB55CEB}.Debug|Any CPU.ActiveCfg = Debug|Any CPU
		{B5FE5A83-F2AF-4E31-B5EB-F80B2BB55CEB}.Debug|Any CPU.Build.0 = Debug|Any CPU
		{B5FE5A83-F2AF-4E31-B5EB-F80B2BB55CEB}.Release|Any CPU.ActiveCfg = Release|Any CPU
		{B5FE5A83-F2AF-4E31-B5EB-F80B2BB55CEB}.Release|Any CPU.Build.0 = Release|Any CPU
	EndGlobalSection
	GlobalSection(SolutionProperties) = preSolution
		HideSolutionNode = FALSE
	EndGlobalSection
	GlobalSection(ExtensibilityGlobals) = postSolution
		SolutionGuid = {6BFDA7CE-6DEB-4054-A027-A8042C91655F}
	EndGlobalSection
EndGlobal
